
Microsoft Visual Studio Solution File, Format Version 12.00
# Visual Studio Version 17
VisualStudioVersion = 17.9.34902.65
MinimumVisualStudioVersion = 10.0.40219.1
Project("{FAE04EC0-301F-11D3-BF4B-00C04F79EFBC}") = "AWSSecretsManager.Maui", "AWSSecretsManager.Maui\AWSSecretsManager.Maui.csproj", "{258AC0BB-31FC-4CFA-BC0C-7781C5556C1C}"
EndProject
Global
	GlobalSection(SolutionConfigurationPlatforms) = preSolution
		Debug|Any CPU = Debug|Any CPU
		Release|Any CPU = Release|Any CPU
	EndGlobalSection
	GlobalSection(ProjectConfigurationPlatforms) = postSolution
		{258AC0BB-31FC-4CFA-BC0C-7781C5556C1C}.Debug|Any CPU.ActiveCfg = Debug|Any CPU
		{258AC0BB-31FC-4CFA-BC0C-7781C5556C1C}.Debug|Any CPU.Build.0 = Debug|Any CPU
		{258AC0BB-31FC-4CFA-BC0C-7781C5556C1C}.Debug|Any CPU.Deploy.0 = Debug|Any CPU
		{258AC0BB-31FC-4CFA-BC0C-7781C5556C1C}.Release|Any CPU.ActiveCfg = Release|Any CPU
		{258AC0BB-31FC-4CFA-BC0C-7781C5556C1C}.Release|Any CPU.Build.0 = Release|Any CPU
		{258AC0BB-31FC-4CFA-BC0C-7781C5556C1C}.Release|Any CPU.Deploy.0 = Release|Any CPU
	EndGlobalSection
	GlobalSection(SolutionProperties) = preSolution
		HideSolutionNode = FALSE
	EndGlobalSection
	GlobalSection(ExtensibilityGlobals) = postSolution
		SolutionGuid = {DD5BAA4F-36BA-4281-B221-22AACCEF2D35}
	EndGlobalSection
EndGlobal
